{
  "name": "apache-kafka-demo",
  "version": "1.0.0",
  "lockfileVersion": 2,
  "requires": true,
  "packages": {
    "": {
      "name": "apache-kafka-demo",
      "version": "1.0.0",
      "license": "ISC",
      "dependencies": {
        "kafkajs": "^2.2.0",
        "rxjs": "^7.5.6"
      }
    },
    "node_modules/kafkajs": {
      "version": "2.2.0",
      "resolved": "https://registry.npmjs.org/kafkajs/-/kafkajs-2.2.0.tgz",
      "integrity": "sha512-+sdgyLuC0Idw1g9LSBXjtoCr4K+vVaHP+tulzAK+V+HHvO3uW5woNkzLnbBx0MN4WRuEl/5g84M3FSkH0ZDzrA==",
      "engines": {
        "node": ">=14.0.0"
      }
    },
    "node_modules/rxjs": {
      "version": "7.5.6",
      "resolved": "https://registry.npmjs.org/rxjs/-/rxjs-7.5.6.tgz",
      "integrity": "sha512-dnyv2/YsXhnm461G+R/Pe5bWP41Nm6LBXEYWI6eiFP4fiwx6WRI/CD0zbdVAudd9xwLEF2IDcKXLHit0FYjUzw==",
      "dependencies": {
        "tslib": "^2.1.0"
      }
    },
    "node_modules/tslib": {
      "version": "2.4.0",
      "resolved": "https://registry.npmjs.org/tslib/-/tslib-2.4.0.tgz",
      "integrity": "sha512-d6xOpEDfsi2CZVlPQzGeux8XMwLT9hssAsaPYExaQMuYskwb+x1x7J371tWlbBdWHroy99KnVB6qIkUbs5X3UQ=="
    }
  },
  "dependencies": {
    "kafkajs": {
      "version": "2.2.0",
      "resolved": "https://registry.npmjs.org/kafkajs/-/kafkajs-2.2.0.tgz",
      "integrity": "sha512-+sdgyLuC0Idw1g9LSBXjtoCr4K+vVaHP+tulzAK+V+HHvO3uW5woNkzLnbBx0MN4WRuEl/5g84M3FSkH0ZDzrA=="
    },
    "rxjs": {
      "version": "7.5.6",
      "resolved": "https://registry.npmjs.org/rxjs/-/rxjs-7.5.6.tgz",
      "integrity": "sha512-dnyv2/YsXhnm461G+R/Pe5bWP41Nm6LBXEYWI6eiFP4fiwx6WRI/CD0zbdVAudd9xwLEF2IDcKXLHit0FYjUzw==",
      "requires": {
        "tslib": "^2.1.0"
      }
    },
    "tslib": {
      "version": "2.4.0",
      "resolved": "https://registry.npmjs.org/tslib/-/tslib-2.4.0.tgz",
      "integrity": "sha512-d6xOpEDfsi2CZVlPQzGeux8XMwLT9hssAsaPYExaQMuYskwb+x1x7J371tWlbBdWHroy99KnVB6qIkUbs5X3UQ=="
    }
  }
}
